
Microsoft Visual Studio Solution File, Format Version 12.00
# Visual Studio Version 16
VisualStudioVersion = 16.0.28803.202
MinimumVisualStudioVersion = 10.0.40219.1
Project("{9A19103F-16F7-4668-BE54-9A1E7A4F7556}") = "MatriculaWebApplicationEF", "MatriculaWebApplicationEF\MatriculaWebApplicationEF.csproj", "{D0338B98-21ED-4A6D-8713-4B4108750197}"
EndProject
Project("{FAE04EC0-301F-11D3-BF4B-00C04F79EFBC}") = "UnitTestMatricula", "UnitTestMatricula\UnitTestMatricula.csproj", "{6E4267F4-88B2-41FC-BED2-9F11F8083EF5}"
EndProject
Global
	GlobalSection(SolutionConfigurationPlatforms) = preSolution
		Debug|Any CPU = Debug|Any CPU
		Release|Any CPU = Release|Any CPU
	EndGlobalSection
	GlobalSection(ProjectConfigurationPlatforms) = postSolution
		{D0338B98-21ED-4A6D-8713-4B4108750197}.Debug|Any CPU.ActiveCfg = Debug|Any CPU
		{D0338B98-21ED-4A6D-8713-4B4108750197}.Debug|Any CPU.Build.0 = Debug|Any CPU
		{D0338B98-21ED-4A6D-8713-4B4108750197}.Release|Any CPU.ActiveCfg = Release|Any CPU
		{D0338B98-21ED-4A6D-8713-4B4108750197}.Release|Any CPU.Build.0 = Release|Any CPU
		{6E4267F4-88B2-41FC-BED2-9F11F8083EF5}.Debug|Any CPU.ActiveCfg = Debug|Any CPU
		{6E4267F4-88B2-41FC-BED2-9F11F8083EF5}.Debug|Any CPU.Build.0 = Debug|Any CPU
		{6E4267F4-88B2-41FC-BED2-9F11F8083EF5}.Release|Any CPU.ActiveCfg = Release|Any CPU
		{6E4267F4-88B2-41FC-BED2-9F11F8083EF5}.Release|Any CPU.Build.0 = Release|Any CPU
	EndGlobalSection
	GlobalSection(SolutionProperties) = preSolution
		HideSolutionNode = FALSE
	EndGlobalSection
	GlobalSection(ExtensibilityGlobals) = postSolution
		SolutionGuid = {AF38F4DC-44FE-40FA-ABA1-EFBECE9B5B58}
	EndGlobalSection
EndGlobal
